
Microsoft Visual Studio Solution File, Format Version 12.00
# Visual Studio Version 16
VisualStudioVersion = 16.0.30907.101
MinimumVisualStudioVersion = 10.0.40219.1
Project("{FAE04EC0-301F-11D3-BF4B-00C04F79EFBC}") = "TinyCRM.Application", "TinyCRM.Application\TinyCRM.Application.csproj", "{46A8CFEC-A9C8-44C1-AA81-515ED5ED130C}"
EndProject
Project("{FAE04EC0-301F-11D3-BF4B-00C04F79EFBC}") = "TinyCRM.Domain", "TinyCRM.Domain\TinyCRM.Domain.csproj", "{86EBDE6E-C8BA-4034-B49C-47FE7C8543AC}"
EndProject
Project("{FAE04EC0-301F-11D3-BF4B-00C04F79EFBC}") = "TinyCRM.Infra.Data", "TinyCRM.Infra.Data\TinyCRM.Infra.Data.csproj", "{3D2587F9-8CBD-48C1-A467-7ABC48312194}"
EndProject
Project("{FAE04EC0-301F-11D3-BF4B-00C04F79EFBC}") = "TinyCRM.Infra.IoC", "TinyCRM.Infra.IoC\TinyCRM.Infra.IoC.csproj", "{7E82B2E0-CF97-40E3-88F6-F1FD194D6B62}"
EndProject
Project("{FAE04EC0-301F-11D3-BF4B-00C04F79EFBC}") = "TinyCRM.Web.MVC", "TinyCRM.Web.MVC\TinyCRM.Web.MVC.csproj", "{BDC008EA-94C6-462D-98E2-B4039995FB3C}"
EndProject
Global
	GlobalSection(SolutionConfigurationPlatforms) = preSolution
		Debug|Any CPU = Debug|Any CPU
		Release|Any CPU = Release|Any CPU
	EndGlobalSection
	GlobalSection(ProjectConfigurationPlatforms) = postSolution
		{46A8CFEC-A9C8-44C1-AA81-515ED5ED130C}.Debug|Any CPU.ActiveCfg = Debug|Any CPU
		{46A8CFEC-A9C8-44C1-AA81-515ED5ED130C}.Debug|Any CPU.Build.0 = Debug|Any CPU
		{46A8CFEC-A9C8-44C1-AA81-515ED5ED130C}.Release|Any CPU.ActiveCfg = Release|Any CPU
		{46A8CFEC-A9C8-44C1-AA81-515ED5ED130C}.Release|Any CPU.Build.0 = Release|Any CPU
		{86EBDE6E-C8BA-4034-B49C-47FE7C8543AC}.Debug|Any CPU.ActiveCfg = Debug|Any CPU
		{86EBDE6E-C8BA-4034-B49C-47FE7C8543AC}.Debug|Any CPU.Build.0 = Debug|Any CPU
		{86EBDE6E-C8BA-4034-B49C-47FE7C8543AC}.Release|Any CPU.ActiveCfg = Release|Any CPU
		{86EBDE6E-C8BA-4034-B49C-47FE7C8543AC}.Release|Any CPU.Build.0 = Release|Any CPU
		{3D2587F9-8CBD-48C1-A467-7ABC48312194}.Debug|Any CPU.ActiveCfg = Debug|Any CPU
		{3D2587F9-8CBD-48C1-A467-7ABC48312194}.Debug|Any CPU.Build.0 = Debug|Any CPU
		{3D2587F9-8CBD-48C1-A467-7ABC48312194}.Release|Any CPU.ActiveCfg = Release|Any CPU
		{3D2587F9-8CBD-48C1-A467-7ABC48312194}.Release|Any CPU.Build.0 = Release|Any CPU
		{7E82B2E0-CF97-40E3-88F6-F1FD194D6B62}.Debug|Any CPU.ActiveCfg = Debug|Any CPU
		{7E82B2E0-CF97-40E3-88F6-F1FD194D6B62}.Debug|Any CPU.Build.0 = Debug|Any CPU
		{7E82B2E0-CF97-40E3-88F6-F1FD194D6B62}.Release|Any CPU.ActiveCfg = Release|Any CPU
		{7E82B2E0-CF97-40E3-88F6-F1FD194D6B62}.Release|Any CPU.Build.0 = Release|Any CPU
		{BDC008EA-94C6-462D-98E2-B4039995FB3C}.Debug|Any CPU.ActiveCfg = Debug|Any CPU
		{BDC008EA-94C6-462D-98E2-B4039995FB3C}.Debug|Any CPU.Build.0 = Debug|Any CPU
		{BDC008EA-94C6-462D-98E2-B4039995FB3C}.Release|Any CPU.ActiveCfg = Release|Any CPU
		{BDC008EA-94C6-462D-98E2-B4039995FB3C}.Release|Any CPU.Build.0 = Release|Any CPU
	EndGlobalSection
	GlobalSection(SolutionProperties) = preSolution
		HideSolutionNode = FALSE
	EndGlobalSection
	GlobalSection(ExtensibilityGlobals) = postSolution
		SolutionGuid = {846D6EC5-9961-48AC-9AF0-82716F072F5F}
	EndGlobalSection
EndGlobal
